
Microsoft Visual Studio Solution File, Format Version 12.00
# Visual Studio 14
VisualStudioVersion = 14.0.25420.1
MinimumVisualStudioVersion = 10.0.40219.1
Project("{FAE04EC0-301F-11D3-BF4B-00C04F79EFBC}") = "PanelGen.Cli", "PanelGen.Cli\PanelGen.Cli.csproj", "{1F2FED2C-D2E1-4B93-AB2E-DD8D6D774E66}"
EndProject
Project("{FAE04EC0-301F-11D3-BF4B-00C04F79EFBC}") = "PanelGen.Display", "PanelGen.Display\PanelGen.Display.csproj", "{FF39CE93-B3AF-4D03-9F1A-FA1E9F2A2951}"
EndProject
Project("{FAE04EC0-301F-11D3-BF4B-00C04F79EFBC}") = "Gcode", "Gcode\Gcode.csproj", "{EEC73CC2-8DF8-45E7-8A52-3B283970589C}"
EndProject
Global
	GlobalSection(SolutionConfigurationPlatforms) = preSolution
		Debug|Any CPU = Debug|Any CPU
		Release|Any CPU = Release|Any CPU
	EndGlobalSection
	GlobalSection(ProjectConfigurationPlatforms) = postSolution
		{1F2FED2C-D2E1-4B93-AB2E-DD8D6D774E66}.Debug|Any CPU.ActiveCfg = Debug|Any CPU
		{1F2FED2C-D2E1-4B93-AB2E-DD8D6D774E66}.Debug|Any CPU.Build.0 = Debug|Any CPU
		{1F2FED2C-D2E1-4B93-AB2E-DD8D6D774E66}.Release|Any CPU.ActiveCfg = Release|Any CPU
		{1F2FED2C-D2E1-4B93-AB2E-DD8D6D774E66}.Release|Any CPU.Build.0 = Release|Any CPU
		{FF39CE93-B3AF-4D03-9F1A-FA1E9F2A2951}.Debug|Any CPU.ActiveCfg = Debug|Any CPU
		{FF39CE93-B3AF-4D03-9F1A-FA1E9F2A2951}.Debug|Any CPU.Build.0 = Debug|Any CPU
		{FF39CE93-B3AF-4D03-9F1A-FA1E9F2A2951}.Release|Any CPU.ActiveCfg = Release|Any CPU
		{FF39CE93-B3AF-4D03-9F1A-FA1E9F2A2951}.Release|Any CPU.Build.0 = Release|Any CPU
		{EEC73CC2-8DF8-45E7-8A52-3B283970589C}.Debug|Any CPU.ActiveCfg = Debug|Any CPU
		{EEC73CC2-8DF8-45E7-8A52-3B283970589C}.Debug|Any CPU.Build.0 = Debug|Any CPU
		{EEC73CC2-8DF8-45E7-8A52-3B283970589C}.Release|Any CPU.ActiveCfg = Release|Any CPU
		{EEC73CC2-8DF8-45E7-8A52-3B283970589C}.Release|Any CPU.Build.0 = Release|Any CPU
	EndGlobalSection
	GlobalSection(SolutionProperties) = preSolution
		HideSolutionNode = FALSE
	EndGlobalSection
EndGlobal
